
Microsoft Visual Studio Solution File, Format Version 12.00
# Visual Studio Version 16
VisualStudioVersion = 16.0.32802.440
MinimumVisualStudioVersion = 10.0.40219.1
Project("{FAE04EC0-301F-11D3-BF4B-00C04F79EFBC}") = "DiDongOnline", "DiDongOnline\DiDongOnline.csproj", "{891DD778-2811-499D-B9B6-C88F477EE1DF}"
EndProject
Project("{FAE04EC0-301F-11D3-BF4B-00C04F79EFBC}") = "Common", "Common\Common.csproj", "{8678D776-904D-426B-91EE-B380E113969C}"
EndProject
Global
	GlobalSection(SolutionConfigurationPlatforms) = preSolution
		Debug|Any CPU = Debug|Any CPU
		Release|Any CPU = Release|Any CPU
	EndGlobalSection
	GlobalSection(ProjectConfigurationPlatforms) = postSolution
		{891DD778-2811-499D-B9B6-C88F477EE1DF}.Debug|Any CPU.ActiveCfg = Debug|Any CPU
		{891DD778-2811-499D-B9B6-C88F477EE1DF}.Debug|Any CPU.Build.0 = Debug|Any CPU
		{891DD778-2811-499D-B9B6-C88F477EE1DF}.Release|Any CPU.ActiveCfg = Release|Any CPU
		{891DD778-2811-499D-B9B6-C88F477EE1DF}.Release|Any CPU.Build.0 = Release|Any CPU
		{8678D776-904D-426B-91EE-B380E113969C}.Debug|Any CPU.ActiveCfg = Debug|Any CPU
		{8678D776-904D-426B-91EE-B380E113969C}.Debug|Any CPU.Build.0 = Debug|Any CPU
		{8678D776-904D-426B-91EE-B380E113969C}.Release|Any CPU.ActiveCfg = Release|Any CPU
		{8678D776-904D-426B-91EE-B380E113969C}.Release|Any CPU.Build.0 = Release|Any CPU
	EndGlobalSection
	GlobalSection(SolutionProperties) = preSolution
		HideSolutionNode = FALSE
	EndGlobalSection
	GlobalSection(ExtensibilityGlobals) = postSolution
		SolutionGuid = {9E5CE89E-0A6E-4EEA-8F79-D60B99D77583}
	EndGlobalSection
EndGlobal
